PODS:
  - BigInt (3.1.0):
    - SipHash (~> 1.2)
  - CryptoSwift (0.10.0)
  - SipHash (1.2.2)
  - SwiftLint (0.27.0)
  - TrezorCrypto (0.0.7)
  - TrustCore (0.1.2):
    - BigInt
    - TrezorCrypto (~> 0.0.7)

DEPENDENCIES:
  - BigInt
  - CryptoSwift (~> 0.10.0)
  - SwiftLint
  - TrezorCrypto
  - TrustCore (~> 0.1.2)

SPEC REPOS:
  https://github.com/cocoapods/specs.git:
    - BigInt
    - CryptoSwift
    - SipHash
    - SwiftLint
    - TrezorCrypto
    - TrustCore

SPEC CHECKSUMS:
  BigInt: 76b5dfdfa3e2e478d4ffdf161aeede5502e2742f
  CryptoSwift: 6c778d69282bed3b4e975ff97a79d074f20bb011
  SipHash: fad90a4683e420c52ef28063063dbbce248ea6d4
  SwiftLint: 3207c1faa2240bf8973b191820a116113cd11073
  TrezorCrypto: 73af08424b94cc59f1c7a91579da1c7403039dc7
  TrustCore: 826bad2b9fdb099db863d170844c9a15625c9b88

PODFILE CHECKSUM: e720b6884e4a8c53a701ee85aae511c5c66281d8

COCOAPODS: 1.5.3
