PODS:
  - CryptoSwift (0.8.1)
  - secp256k1_ios (0.1.0)
  - TrezorCrypto (0.0.4)

DEPENDENCIES:
  - CryptoSwift
  - secp256k1_ios (from `https://github.com/shamatar/secp256k1_ios.git`)
  - TrezorCrypto

EXTERNAL SOURCES:
  secp256k1_ios:
    :git: https://github.com/shamatar/secp256k1_ios.git

CHECKOUT OPTIONS:
  secp256k1_ios:
    :commit: d928b05deab15ba780b07dd0071fdde7305dc143
    :git: https://github.com/shamatar/secp256k1_ios.git

SPEC CHECKSUMS:
  CryptoSwift: 4b07d5b508c1eb67bfa314a727b705f8048a85de
  secp256k1_ios: e36fe281fd9d4e66e897b5c540c3bde226e6a730
  TrezorCrypto: 7f87a2296cf13872b21565c29fd9f7882dd00803

PODFILE CHECKSUM: 5dbee0983efe4f11a54863db23e48139a8e03545

COCOAPODS: 1.4.0
