// !$*UTF8*$!
{
	archiveVersion = 1;
	classes = {
	};
	objectVersion = 48;
	objects = {

/* Begin PBXBuildFile section */
		611EFEBF20F599A500A00E53 /* Wallet.swift in Sources */ = {isa = PBXBuildFile; fileRef = 611EFEBE20F599A500A00E53 /* Wallet.swift */; };
		611EFEC120F5AD5200A00E53 /* Account.swift in Sources */ = {isa = PBXBuildFile; fileRef = 611EFEC020F5AD5200A00E53 /* Account.swift */; };
		611EFEC320F5BCC700A00E53 /* AccountTests.swift in Sources */ = {isa = PBXBuildFile; fileRef = 611EFEC220F5BCC700A00E53 /* AccountTests.swift */; };
		6148DA601FE3950300D4C17D /* ScryptParams.swift in Sources */ = {isa = PBXBuildFile; fileRef = 6148DA5F1FE3950300D4C17D /* ScryptParams.swift */; };
		61882E152002B62800038860 /* KeyStoreTests.swift in Sources */ = {isa = PBXBuildFile; fileRef = 61882E142002B62800038860 /* KeyStoreTests.swift */; };
		61BBC0D52038DEE500371E4A /* key.json in Resources */ = {isa = PBXBuildFile; fileRef = 61BBC0D42038DEE500371E4A /* key.json */; };
		61C568EB1FE599CF00FC2F75 /* AppDelegate.swift in Sources */ = {isa = PBXBuildFile; fileRef = 61C568EA1FE599CF00FC2F75 /* AppDelegate.swift */; };
		61C568ED1FE599CF00FC2F75 /* ViewController.swift in Sources */ = {isa = PBXBuildFile; fileRef = 61C568EC1FE599CF00FC2F75 /* ViewController.swift */; };
		61C568F01FE599CF00FC2F75 /* Main.storyboard in Resources */ = {isa = PBXBuildFile; fileRef = 61C568EE1FE599CF00FC2F75 /* Main.storyboard */; };
		61C568F21FE599CF00FC2F75 /* Assets.xcassets in Resources */ = {isa = PBXBuildFile; fileRef = 61C568F11FE599CF00FC2F75 /* Assets.xcassets */; };
		61C568F51FE599CF00FC2F75 /* LaunchScreen.storyboard in Resources */ = {isa = PBXBuildFile; fileRef = 61C568F31FE599CF00FC2F75 /* LaunchScreen.storyboard */; };
		61C568FA1FE599D900FC2F75 /* TrustKeystore.framework in Frameworks */ = {isa = PBXBuildFile; fileRef = 61FC58211FE2490E00FFC765 /* TrustKeystore.framework */; };
		61C568FB1FE599D900FC2F75 /* TrustKeystore.framework in Embed Frameworks */ = {isa = PBXBuildFile; fileRef = 61FC58211FE2490E00FFC765 /* TrustKeystore.framework */; settings = {ATTRIBUTES = (CodeSignOnCopy, RemoveHeadersOnCopy, ); }; };
		61C569001FE5AB8000FC2F75 /* wallet.json in Resources */ = {isa = PBXBuildFile; fileRef = 61C568FF1FE5AB7F00FC2F75 /* wallet.json */; };
		61C569021FE5B8D800FC2F75 /* KeystoreKeyHeader.swift in Sources */ = {isa = PBXBuildFile; fileRef = 61C569011FE5B8D800FC2F75 /* KeystoreKeyHeader.swift */; };
		61DC26AB20FEDF8000BE9ED7 /* WalletTests.swift in Sources */ = {isa = PBXBuildFile; fileRef = 61DC26AA20FEDF8000BE9ED7 /* WalletTests.swift */; };
		61DCE1661FFF14B70053939F /* KeyStore.swift in Sources */ = {isa = PBXBuildFile; fileRef = 61DCE1651FFF14B70053939F /* KeyStore.swift */; };
		61DCE173200197A30053939F /* KeyStore.Error.swift in Sources */ = {isa = PBXBuildFile; fileRef = 61DCE172200197A30053939F /* KeyStore.Error.swift */; };
		61ED9D832012D1D600E1C4D1 /* myetherwallet.uu in Resources */ = {isa = PBXBuildFile; fileRef = 61ED9D822012D1D600E1C4D1 /* myetherwallet.uu */; };
		61FC582B1FE2490E00FFC765 /* TrustKeystore.framework in Frameworks */ = {isa = PBXBuildFile; fileRef = 61FC58211FE2490E00FFC765 /* TrustKeystore.framework */; };
		61FC58471FE2496700FFC765 /* TrustKeystore.h in Headers */ = {isa = PBXBuildFile; fileRef = 61FC58411FE2495E00FFC765 /* TrustKeystore.h */; settings = {ATTRIBUTES = (Public, ); }; };
		61FC58481FE2496C00FFC765 /* KeystoreKeyTests.swift in Sources */ = {isa = PBXBuildFile; fileRef = 61FC58451FE2495E00FFC765 /* KeystoreKeyTests.swift */; };
		61FC584C1FE24A8C00FFC765 /* KeystoreKey.swift in Sources */ = {isa = PBXBuildFile; fileRef = 61FC584B1FE24A8C00FFC765 /* KeystoreKey.swift */; };
		61FC58551FE2C39700FFC765 /* Scrypt.swift in Sources */ = {isa = PBXBuildFile; fileRef = 61FC58541FE2C39700FFC765 /* Scrypt.swift */; };
		61FC585D1FE3904600FFC765 /* ScryptTests.swift in Sources */ = {isa = PBXBuildFile; fileRef = 61FC585C1FE3904600FFC765 /* ScryptTests.swift */; };
		742A3CD8CA3E56C74A3D84EF /* Pods_TrustKeystore.framework in Frameworks */ = {isa = PBXBuildFile; fileRef = 49CDD76074CC2CFEF09CAA54 /* Pods_TrustKeystore.framework */; };
		F45B9EE7006B204F676FC2AA /* Pods_TrustKeystore_KeystoreBenchmark.framework in Frameworks */ = {isa = PBXBuildFile; fileRef = E9A8CDAD6453D4708739B547 /* Pods_TrustKeystore_KeystoreBenchmark.framework */; };
		F6A9F28E31D4DB81E7CA7F3F /* Pods_TrustKeystore_TrustKeystoreTests.framework in Frameworks */ = {isa = PBXBuildFile; fileRef = B87188CBD5FFF8EC1968F404 /* Pods_TrustKeystore_TrustKeystoreTests.framework */; };
/* End PBXBuildFile section */

/* Begin PBXContainerItemProxy section */
		61C568FC1FE599D900FC2F75 /* PBXContainerItemProxy */ = {
			isa = PBXContainerItemProxy;
			containerPortal = 61FC58181FE2490E00FFC765 /* Project object */;
			proxyType = 1;
			remoteGlobalIDString = 61FC58201FE2490E00FFC765;
			remoteInfo = TrustKeystore;
		};
		61FC582C1FE2490E00FFC765 /* PBXContainerItemProxy */ = {
			isa = PBXContainerItemProxy;
			containerPortal = 61FC58181FE2490E00FFC765 /* Project object */;
			proxyType = 1;
			remoteGlobalIDString = 61FC58201FE2490E00FFC765;
			remoteInfo = TrustKeystore;
		};
/* End PBXContainerItemProxy section */

/* Begin PBXCopyFilesBuildPhase section */
		61C568FE1FE599D900FC2F75 /* Embed Frameworks */ = {
			isa = PBXCopyFilesBuildPhase;
			buildActionMask = 2147483647;
			dstPath = "";
			dstSubfolderSpec = 10;
			files = (
				61C568FB1FE599D900FC2F75 /* TrustKeystore.framework in Embed Frameworks */,
			);
			name = "Embed Frameworks";
			runOnlyForDeploymentPostprocessing = 0;
		};
/* End PBXCopyFilesBuildPhase section */

/* Begin PBXFileReference section */
		0B9466DC8156D7FA54B43B6D /* Pods-TrustKeystore-TrustKeystoreTests.release.xcconfig */ = {isa = PBXFileReference; includeInIndex = 1; lastKnownFileType = text.xcconfig; name = "Pods-TrustKeystore-TrustKeystoreTests.release.xcconfig"; path = "Pods/Target Support Files/Pods-TrustKeystore-TrustKeystoreTests/Pods-TrustKeystore-TrustKeystoreTests.release.xcconfig"; sourceTree = "<group>"; };
		17379EC78D11E0161D0E1307 /* Pods-TrustKeystore.release.xcconfig */ = {isa = PBXFileReference; includeInIndex = 1; lastKnownFileType = text.xcconfig; name = "Pods-TrustKeystore.release.xcconfig"; path = "Pods/Target Support Files/Pods-TrustKeystore/Pods-TrustKeystore.release.xcconfig"; sourceTree = "<group>"; };
		49CDD76074CC2CFEF09CAA54 /* Pods_TrustKeystore.framework */ = {isa = PBXFileReference; explicitFileType = wrapper.framework; includeInIndex = 0; path = Pods_TrustKeystore.framework; sourceTree = BUILT_PRODUCTS_DIR; };
		611EFEBE20F599A500A00E53 /* Wallet.swift */ = {isa = PBXFileReference; fileEncoding = 4; lastKnownFileType = sourcecode.swift; path = Wallet.swift; sourceTree = "<group>"; };
		611EFEC020F5AD5200A00E53 /* Account.swift */ = {isa = PBXFileReference; lastKnownFileType = sourcecode.swift; path = Account.swift; sourceTree = "<group>"; };
		611EFEC220F5BCC700A00E53 /* AccountTests.swift */ = {isa = PBXFileReference; lastKnownFileType = sourcecode.swift; path = AccountTests.swift; sourceTree = "<group>"; };
		6148DA5F1FE3950300D4C17D /* ScryptParams.swift */ = {isa = PBXFileReference; lastKnownFileType = sourcecode.swift; path = ScryptParams.swift; sourceTree = "<group>"; };
		61882E142002B62800038860 /* KeyStoreTests.swift */ = {isa = PBXFileReference; lastKnownFileType = sourcecode.swift; path = KeyStoreTests.swift; sourceTree = "<group>"; };
		61BBC0D42038DEE500371E4A /* key.json */ = {isa = PBXFileReference; fileEncoding = 4; lastKnownFileType = text.json; path = key.json; sourceTree = "<group>"; };
		61C568E81FE599CF00FC2F75 /* KeystoreBenchmark.app */ = {isa = PBXFileReference; explicitFileType = wrapper.application; includeInIndex = 0; path = KeystoreBenchmark.app; sourceTree = BUILT_PRODUCTS_DIR; };
		61C568EA1FE599CF00FC2F75 /* AppDelegate.swift */ = {isa = PBXFileReference; lastKnownFileType = sourcecode.swift; path = AppDelegate.swift; sourceTree = "<group>"; };
		61C568EC1FE599CF00FC2F75 /* ViewController.swift */ = {isa = PBXFileReference; lastKnownFileType = sourcecode.swift; path = ViewController.swift; sourceTree = "<group>"; };
		61C568EF1FE599CF00FC2F75 /* Base */ = {isa = PBXFileReference; lastKnownFileType = file.storyboard; name = Base; path = Base.lproj/Main.storyboard; sourceTree = "<group>"; };
		61C568F11FE599CF00FC2F75 /* Assets.xcassets */ = {isa = PBXFileReference; lastKnownFileType = folder.assetcatalog; path = Assets.xcassets; sourceTree = "<group>"; };
		61C568F41FE599CF00FC2F75 /* Base */ = {isa = PBXFileReference; lastKnownFileType = file.storyboard; name = Base; path = Base.lproj/LaunchScreen.storyboard; sourceTree = "<group>"; };
		61C568F61FE599CF00FC2F75 /* Info.plist */ = {isa = PBXFileReference; lastKnownFileType = text.plist.xml; path = Info.plist; sourceTree = "<group>"; };
		61C568FF1FE5AB7F00FC2F75 /* wallet.json */ = {isa = PBXFileReference; fileEncoding = 4; lastKnownFileType = text.json; path = wallet.json; sourceTree = "<group>"; };
		61C569011FE5B8D800FC2F75 /* KeystoreKeyHeader.swift */ = {isa = PBXFileReference; fileEncoding = 4; lastKnownFileType = sourcecode.swift; path = KeystoreKeyHeader.swift; sourceTree = "<group>"; };
		61DC26AA20FEDF8000BE9ED7 /* WalletTests.swift */ = {isa = PBXFileReference; lastKnownFileType = sourcecode.swift; path = WalletTests.swift; sourceTree = "<group>"; };
		61DCE1651FFF14B70053939F /* KeyStore.swift */ = {isa = PBXFileReference; lastKnownFileType = sourcecode.swift; path = KeyStore.swift; sourceTree = "<group>"; };
		61DCE172200197A30053939F /* KeyStore.Error.swift */ = {isa = PBXFileReference; lastKnownFileType = sourcecode.swift; path = KeyStore.Error.swift; sourceTree = "<group>"; };
		61ED9D822012D1D600E1C4D1 /* myetherwallet.uu */ = {isa = PBXFileReference; explicitFileType = text; fileEncoding = 4; path = myetherwallet.uu; sourceTree = "<group>"; };
		61FC58211FE2490E00FFC765 /* TrustKeystore.framework */ = {isa = PBXFileReference; explicitFileType = wrapper.framework; includeInIndex = 0; path = TrustKeystore.framework; sourceTree = BUILT_PRODUCTS_DIR; };
		61FC582A1FE2490E00FFC765 /* TrustKeystoreTests.xctest */ = {isa = PBXFileReference; explicitFileType = wrapper.cfbundle; includeInIndex = 0; path = TrustKeystoreTests.xctest; sourceTree = BUILT_PRODUCTS_DIR; };
		61FC583F1FE2495E00FFC765 /* README.md */ = {isa = PBXFileReference; lastKnownFileType = net.daringfireball.markdown; path = README.md; sourceTree = "<group>"; };
		61FC58411FE2495E00FFC765 /* TrustKeystore.h */ = {isa = PBXFileReference; lastKnownFileType = sourcecode.c.h; path = TrustKeystore.h; sourceTree = "<group>"; };
		61FC58431FE2495E00FFC765 /* Info.plist */ = {isa = PBXFileReference; lastKnownFileType = text.plist.xml; path = Info.plist; sourceTree = "<group>"; };
		61FC58451FE2495E00FFC765 /* KeystoreKeyTests.swift */ = {isa = PBXFileReference; lastKnownFileType = sourcecode.swift; path = KeystoreKeyTests.swift; sourceTree = "<group>"; };
		61FC58461FE2495E00FFC765 /* TestsInfo.plist */ = {isa = PBXFileReference; lastKnownFileType = text.plist.xml; path = TestsInfo.plist; sourceTree = "<group>"; };
		61FC584B1FE24A8C00FFC765 /* KeystoreKey.swift */ = {isa = PBXFileReference; lastKnownFileType = sourcecode.swift; path = KeystoreKey.swift; sourceTree = "<group>"; };
		61FC58541FE2C39700FFC765 /* Scrypt.swift */ = {isa = PBXFileReference; lastKnownFileType = sourcecode.swift; path = Scrypt.swift; sourceTree = "<group>"; };
		61FC585C1FE3904600FFC765 /* ScryptTests.swift */ = {isa = PBXFileReference; lastKnownFileType = sourcecode.swift; path = ScryptTests.swift; sourceTree = "<group>"; };
		8D3D60D6FA5E0FDA441C2464 /* Pods-TrustKeystore-KeystoreBenchmark.debug.xcconfig */ = {isa = PBXFileReference; includeInIndex = 1; lastKnownFileType = text.xcconfig; name = "Pods-TrustKeystore-KeystoreBenchmark.debug.xcconfig"; path = "Pods/Target Support Files/Pods-TrustKeystore-KeystoreBenchmark/Pods-TrustKeystore-KeystoreBenchmark.debug.xcconfig"; sourceTree = "<group>"; };
		B87188CBD5FFF8EC1968F404 /* Pods_TrustKeystore_TrustKeystoreTests.framework */ = {isa = PBXFileReference; explicitFileType = wrapper.framework; includeInIndex = 0; path = Pods_TrustKeystore_TrustKeystoreTests.framework; sourceTree = BUILT_PRODUCTS_DIR; };
		C2AEC91B9F14D8140DBDCC2C /* Pods-TrustKeystore-TrustKeystoreTests.debug.xcconfig */ = {isa = PBXFileReference; includeInIndex = 1; lastKnownFileType = text.xcconfig; name = "Pods-TrustKeystore-TrustKeystoreTests.debug.xcconfig"; path = "Pods/Target Support Files/Pods-TrustKeystore-TrustKeystoreTests/Pods-TrustKeystore-TrustKeystoreTests.debug.xcconfig"; sourceTree = "<group>"; };
		E9A8CDAD6453D4708739B547 /* Pods_TrustKeystore_KeystoreBenchmark.framework */ = {isa = PBXFileReference; explicitFileType = wrapper.framework; includeInIndex = 0; path = Pods_TrustKeystore_KeystoreBenchmark.framework; sourceTree = BUILT_PRODUCTS_DIR; };
		F89F7E016E73C75E518A36B2 /* Pods-TrustKeystore.debug.xcconfig */ = {isa = PBXFileReference; includeInIndex = 1; lastKnownFileType = text.xcconfig; name = "Pods-TrustKeystore.debug.xcconfig"; path = "Pods/Target Support Files/Pods-TrustKeystore/Pods-TrustKeystore.debug.xcconfig"; sourceTree = "<group>"; };
		FC8C566AA12572AEF59D1BA0 /* Pods-TrustKeystore-KeystoreBenchmark.release.xcconfig */ = {isa = PBXFileReference; includeInIndex = 1; lastKnownFileType = text.xcconfig; name = "Pods-TrustKeystore-KeystoreBenchmark.release.xcconfig"; path = "Pods/Target Support Files/Pods-TrustKeystore-KeystoreBenchmark/Pods-TrustKeystore-KeystoreBenchmark.release.xcconfig"; sourceTree = "<group>"; };
/* End PBXFileReference section */

/* Begin PBXFrameworksBuildPhase section */
		61C568E51FE599CF00FC2F75 /* Frameworks */ = {
			isa = PBXFrameworksBuildPhase;
			buildActionMask = 2147483647;
			files = (
				61C568FA1FE599D900FC2F75 /* TrustKeystore.framework in Frameworks */,
				F45B9EE7006B204F676FC2AA /* Pods_TrustKeystore_KeystoreBenchmark.framework in Frameworks */,
			);
			runOnlyForDeploymentPostprocessing = 0;
		};
		61FC581D1FE2490E00FFC765 /* Frameworks */ = {
			isa = PBXFrameworksBuildPhase;
			buildActionMask = 2147483647;
			files = (
				742A3CD8CA3E56C74A3D84EF /* Pods_TrustKeystore.framework in Frameworks */,
			);
			runOnlyForDeploymentPostprocessing = 0;
		};
		61FC58271FE2490E00FFC765 /* Frameworks */ = {
			isa = PBXFrameworksBuildPhase;
			buildActionMask = 2147483647;
			files = (
				61FC582B1FE2490E00FFC765 /* TrustKeystore.framework in Frameworks */,
				F6A9F28E31D4DB81E7CA7F3F /* Pods_TrustKeystore_TrustKeystoreTests.framework in Frameworks */,
			);
			runOnlyForDeploymentPostprocessing = 0;
		};
/* End PBXFrameworksBuildPhase section */

/* Begin PBXGroup section */
		124BD5EA35BBF064AD69D2DF /* Pods */ = {
			isa = PBXGroup;
			children = (
				F89F7E016E73C75E518A36B2 /* Pods-TrustKeystore.debug.xcconfig */,
				17379EC78D11E0161D0E1307 /* Pods-TrustKeystore.release.xcconfig */,
				C2AEC91B9F14D8140DBDCC2C /* Pods-TrustKeystore-TrustKeystoreTests.debug.xcconfig */,
				0B9466DC8156D7FA54B43B6D /* Pods-TrustKeystore-TrustKeystoreTests.release.xcconfig */,
				8D3D60D6FA5E0FDA441C2464 /* Pods-TrustKeystore-KeystoreBenchmark.debug.xcconfig */,
				FC8C566AA12572AEF59D1BA0 /* Pods-TrustKeystore-KeystoreBenchmark.release.xcconfig */,
			);
			name = Pods;
			sourceTree = "<group>";
		};
		610B9B9F202EE20E00C4B10C /* Data */ = {
			isa = PBXGroup;
			children = (
				61BBC0D42038DEE500371E4A /* key.json */,
				61C568FF1FE5AB7F00FC2F75 /* wallet.json */,
				61ED9D822012D1D600E1C4D1 /* myetherwallet.uu */,
			);
			path = Data;
			sourceTree = "<group>";
		};
		61C568E91FE599CF00FC2F75 /* Benchmark */ = {
			isa = PBXGroup;
			children = (
				61C568EA1FE599CF00FC2F75 /* AppDelegate.swift */,
				61C568EC1FE599CF00FC2F75 /* ViewController.swift */,
				61C568EE1FE599CF00FC2F75 /* Main.storyboard */,
				61C568F11FE599CF00FC2F75 /* Assets.xcassets */,
				61C568F31FE599CF00FC2F75 /* LaunchScreen.storyboard */,
				61C568F61FE599CF00FC2F75 /* Info.plist */,
			);
			path = Benchmark;
			sourceTree = "<group>";
		};
		61FC58171FE2490E00FFC765 = {
			isa = PBXGroup;
			children = (
				61FC583F1FE2495E00FFC765 /* README.md */,
				61FC58421FE2495E00FFC765 /* Metadata */,
				61FC58401FE2495E00FFC765 /* Sources */,
				61FC58441FE2495E00FFC765 /* Tests */,
				61C568E91FE599CF00FC2F75 /* Benchmark */,
				61FC58221FE2490E00FFC765 /* Products */,
				124BD5EA35BBF064AD69D2DF /* Pods */,
				CA87661540ADCE75A47829A8 /* Frameworks */,
			);
			sourceTree = "<group>";
		};
		61FC58221FE2490E00FFC765 /* Products */ = {
			isa = PBXGroup;
			children = (
				61FC58211FE2490E00FFC765 /* TrustKeystore.framework */,
				61FC582A1FE2490E00FFC765 /* TrustKeystoreTests.xctest */,
				61C568E81FE599CF00FC2F75 /* KeystoreBenchmark.app */,
			);
			name = Products;
			sourceTree = "<group>";
		};
		61FC58401FE2495E00FFC765 /* Sources */ = {
			isa = PBXGroup;
			children = (
				61FC58411FE2495E00FFC765 /* TrustKeystore.h */,
				611EFEC020F5AD5200A00E53 /* Account.swift */,
				61DCE172200197A30053939F /* KeyStore.Error.swift */,
				61DCE1651FFF14B70053939F /* KeyStore.swift */,
				61FC584B1FE24A8C00FFC765 /* KeystoreKey.swift */,
				61C569011FE5B8D800FC2F75 /* KeystoreKeyHeader.swift */,
				61FC58541FE2C39700FFC765 /* Scrypt.swift */,
				6148DA5F1FE3950300D4C17D /* ScryptParams.swift */,
				611EFEBE20F599A500A00E53 /* Wallet.swift */,
			);
			path = Sources;
			sourceTree = "<group>";
		};
		61FC58421FE2495E00FFC765 /* Metadata */ = {
			isa = PBXGroup;
			children = (
				61FC58431FE2495E00FFC765 /* Info.plist */,
				61FC58461FE2495E00FFC765 /* TestsInfo.plist */,
			);
			path = Metadata;
			sourceTree = "<group>";
		};
		61FC58441FE2495E00FFC765 /* Tests */ = {
			isa = PBXGroup;
			children = (
				611EFEC220F5BCC700A00E53 /* AccountTests.swift */,
				61FC58451FE2495E00FFC765 /* KeystoreKeyTests.swift */,
				61882E142002B62800038860 /* KeyStoreTests.swift */,
				61FC585C1FE3904600FFC765 /* ScryptTests.swift */,
				61DC26AA20FEDF8000BE9ED7 /* WalletTests.swift */,
				610B9B9F202EE20E00C4B10C /* Data */,
			);
			path = Tests;
			sourceTree = "<group>";
		};
		CA87661540ADCE75A47829A8 /* Frameworks */ = {
			isa = PBXGroup;
			children = (
				49CDD76074CC2CFEF09CAA54 /* Pods_TrustKeystore.framework */,
				B87188CBD5FFF8EC1968F404 /* Pods_TrustKeystore_TrustKeystoreTests.framework */,
				E9A8CDAD6453D4708739B547 /* Pods_TrustKeystore_KeystoreBenchmark.framework */,
			);
			name = Frameworks;
			sourceTree = "<group>";
		};
/* End PBXGroup section */

/* Begin PBXHeadersBuildPhase section */
		61FC581E1FE2490E00FFC765 /* Headers */ = {
			isa = PBXHeadersBuildPhase;
			buildActionMask = 2147483647;
			files = (
				61FC58471FE2496700FFC765 /* TrustKeystore.h in Headers */,
			);
			runOnlyForDeploymentPostprocessing = 0;
		};
/* End PBXHeadersBuildPhase section */

/* Begin PBXNativeTarget section */
		61C568E71FE599CF00FC2F75 /* KeystoreBenchmark */ = {
			isa = PBXNativeTarget;
			buildConfigurationList = 61C568F71FE599CF00FC2F75 /* Build configuration list for PBXNativeTarget "KeystoreBenchmark" */;
			buildPhases = (
				753738606A221C0BA458D986 /* [CP] Check Pods Manifest.lock */,
				61C568E41FE599CF00FC2F75 /* Sources */,
				61C568E51FE599CF00FC2F75 /* Frameworks */,
				61C568E61FE599CF00FC2F75 /* Resources */,
				61C568FE1FE599D900FC2F75 /* Embed Frameworks */,
				96567C8A6F4786D624D0DAF2 /* [CP] Embed Pods Frameworks */,
			);
			buildRules = (
			);
			dependencies = (
				61C568FD1FE599D900FC2F75 /* PBXTargetDependency */,
			);
			name = KeystoreBenchmark;
			productName = KeystoreBenchmark;
			productReference = 61C568E81FE599CF00FC2F75 /* KeystoreBenchmark.app */;
			productType = "com.apple.product-type.application";
		};
		61FC58201FE2490E00FFC765 /* TrustKeystore */ = {
			isa = PBXNativeTarget;
			buildConfigurationList = 61FC58351FE2490E00FFC765 /* Build configuration list for PBXNativeTarget "TrustKeystore" */;
			buildPhases = (
				C5352213E62A9F7A00AB309B /* [CP] Check Pods Manifest.lock */,
				61FC581C1FE2490E00FFC765 /* Sources */,
				61FC581D1FE2490E00FFC765 /* Frameworks */,
				61FC581E1FE2490E00FFC765 /* Headers */,
				61FC581F1FE2490E00FFC765 /* Resources */,
				61DCE1691FFF50810053939F /* SwiftLint */,
			);
			buildRules = (
			);
			dependencies = (
			);
			name = TrustKeystore;
			productName = TrustKeystore;
			productReference = 61FC58211FE2490E00FFC765 /* TrustKeystore.framework */;
			productType = "com.apple.product-type.framework";
		};
		61FC58291FE2490E00FFC765 /* TrustKeystoreTests */ = {
			isa = PBXNativeTarget;
			buildConfigurationList = 61FC58381FE2490E00FFC765 /* Build configuration list for PBXNativeTarget "TrustKeystoreTests" */;
			buildPhases = (
				682878827DE0FBE9361CB1D8 /* [CP] Check Pods Manifest.lock */,
				61FC58261FE2490E00FFC765 /* Sources */,
				61FC58271FE2490E00FFC765 /* Frameworks */,
				61FC58281FE2490E00FFC765 /* Resources */,
				F2780A2821203580B330C58E /* [CP] Embed Pods Frameworks */,
			);
			buildRules = (
			);
			dependencies = (
				61FC582D1FE2490E00FFC765 /* PBXTargetDependency */,
			);
			name = TrustKeystoreTests;
			productName = TrustKeystoreTests;
			productReference = 61FC582A1FE2490E00FFC765 /* TrustKeystoreTests.xctest */;
			productType = "com.apple.product-type.bundle.unit-test";
		};
/* End PBXNativeTarget section */

/* Begin PBXProject section */
		61FC58181FE2490E00FFC765 /* Project object */ = {
			isa = PBXProject;
			attributes = {
				LastSwiftUpdateCheck = 0920;
				LastUpgradeCheck = 0930;
				ORGANIZATIONNAME = Trust;
				TargetAttributes = {
					61C568E71FE599CF00FC2F75 = {
						CreatedOnToolsVersion = 9.2;
						ProvisioningStyle = Automatic;
					};
					61FC58201FE2490E00FFC765 = {
						CreatedOnToolsVersion = 9.2;
						LastSwiftMigration = 1000;
						ProvisioningStyle = Automatic;
					};
					61FC58291FE2490E00FFC765 = {
						CreatedOnToolsVersion = 9.2;
						LastSwiftMigration = 1000;
						ProvisioningStyle = Automatic;
					};
				};
			};
			buildConfigurationList = 61FC581B1FE2490E00FFC765 /* Build configuration list for PBXProject "TrustKeystore" */;
			compatibilityVersion = "Xcode 8.0";
			developmentRegion = en;
			hasScannedForEncodings = 0;
			knownRegions = (
				en,
				Base,
			);
			mainGroup = 61FC58171FE2490E00FFC765;
			productRefGroup = 61FC58221FE2490E00FFC765 /* Products */;
			projectDirPath = "";
			projectRoot = "";
			targets = (
				61FC58201FE2490E00FFC765 /* TrustKeystore */,
				61FC58291FE2490E00FFC765 /* TrustKeystoreTests */,
				61C568E71FE599CF00FC2F75 /* KeystoreBenchmark */,
			);
		};
/* End PBXProject section */

/* Begin PBXResourcesBuildPhase section */
		61C568E61FE599CF00FC2F75 /* Resources */ = {
			isa = PBXResourcesBuildPhase;
			buildActionMask = 2147483647;
			files = (
				61C568F51FE599CF00FC2F75 /* LaunchScreen.storyboard in Resources */,
				61C568F21FE599CF00FC2F75 /* Assets.xcassets in Resources */,
				61C568F01FE599CF00FC2F75 /* Main.storyboard in Resources */,
			);
			runOnlyForDeploymentPostprocessing = 0;
		};
		61FC581F1FE2490E00FFC765 /* Resources */ = {
			isa = PBXResourcesBuildPhase;
			buildActionMask = 2147483647;
			files = (
			);
			runOnlyForDeploymentPostprocessing = 0;
		};
		61FC58281FE2490E00FFC765 /* Resources */ = {
			isa = PBXResourcesBuildPhase;
			buildActionMask = 2147483647;
			files = (
				61C569001FE5AB8000FC2F75 /* wallet.json in Resources */,
				61ED9D832012D1D600E1C4D1 /* myetherwallet.uu in Resources */,
				61BBC0D52038DEE500371E4A /* key.json in Resources */,
			);
			runOnlyForDeploymentPostprocessing = 0;
		};
/* End PBXResourcesBuildPhase section */

/* Begin PBXShellScriptBuildPhase section */
		61DCE1691FFF50810053939F /* SwiftLint */ = {
			isa = PBXShellScriptBuildPhase;
			buildActionMask = 2147483647;
			files = (
			);
			inputPaths = (
			);
			name = SwiftLint;
			outputPaths = (
			);
			runOnlyForDeploymentPostprocessing = 0;
			shellPath = /bin/sh;
			shellScript = "\"${PODS_ROOT}/SwiftLint/swiftlint\"\n";
		};
		682878827DE0FBE9361CB1D8 /* [CP] Check Pods Manifest.lock */ = {
			isa = PBXShellScriptBuildPhase;
			buildActionMask = 2147483647;
			files = (
			);
			inputPaths = (
				"${PODS_PODFILE_DIR_PATH}/Podfile.lock",
				"${PODS_ROOT}/Manifest.lock",
			);
			name = "[CP] Check Pods Manifest.lock";
			outputPaths = (
				"$(DERIVED_FILE_DIR)/Pods-TrustKeystore-TrustKeystoreTests-checkManifestLockResult.txt",
			);
			runOnlyForDeploymentPostprocessing = 0;
			shellPath = /bin/sh;
			shellScript = "diff \"${PODS_PODFILE_DIR_PATH}/Podfile.lock\" \"${PODS_ROOT}/Manifest.lock\" > /dev/null\nif [ $? != 0 ] ; then\n    # print error to STDERR\n    echo \"error: The sandbox is not in sync with the Podfile.lock. Run 'pod install' or update your CocoaPods installation.\" >&2\n    exit 1\nfi\n# This output is used by Xcode 'outputs' to avoid re-running this script phase.\necho \"SUCCESS\" > \"${SCRIPT_OUTPUT_FILE_0}\"\n";
			showEnvVarsInLog = 0;
		};
		753738606A221C0BA458D986 /* [CP] Check Pods Manifest.lock */ = {
			isa = PBXShellScriptBuildPhase;
			buildActionMask = 2147483647;
			files = (
			);
			inputPaths = (
				"${PODS_PODFILE_DIR_PATH}/Podfile.lock",
				"${PODS_ROOT}/Manifest.lock",
			);
			name = "[CP] Check Pods Manifest.lock";
			outputPaths = (
				"$(DERIVED_FILE_DIR)/Pods-TrustKeystore-KeystoreBenchmark-checkManifestLockResult.txt",
			);
			runOnlyForDeploymentPostprocessing = 0;
			shellPath = /bin/sh;
			shellScript = "diff \"${PODS_PODFILE_DIR_PATH}/Podfile.lock\" \"${PODS_ROOT}/Manifest.lock\" > /dev/null\nif [ $? != 0 ] ; then\n    # print error to STDERR\n    echo \"error: The sandbox is not in sync with the Podfile.lock. Run 'pod install' or update your CocoaPods installation.\" >&2\n    exit 1\nfi\n# This output is used by Xcode 'outputs' to avoid re-running this script phase.\necho \"SUCCESS\" > \"${SCRIPT_OUTPUT_FILE_0}\"\n";
			showEnvVarsInLog = 0;
		};
		96567C8A6F4786D624D0DAF2 /* [CP] Embed Pods Frameworks */ = {
			isa = PBXShellScriptBuildPhase;
			buildActionMask = 2147483647;
			files = (
			);
			inputPaths = (
				"${SRCROOT}/Pods/Target Support Files/Pods-TrustKeystore-KeystoreBenchmark/Pods-TrustKeystore-KeystoreBenchmark-frameworks.sh",
				"${BUILT_PRODUCTS_DIR}/BigInt/BigInt.framework",
				"${BUILT_PRODUCTS_DIR}/CryptoSwift/CryptoSwift.framework",
				"${BUILT_PRODUCTS_DIR}/SipHash/SipHash.framework",
				"${BUILT_PRODUCTS_DIR}/TrezorCrypto/TrezorCrypto.framework",
				"${BUILT_PRODUCTS_DIR}/TrustCore/TrustCore.framework",
			);
			name = "[CP] Embed Pods Frameworks";
			outputPaths = (
				"${TARGET_BUILD_DIR}/${FRAMEWORKS_FOLDER_PATH}/BigInt.framework",
				"${TARGET_BUILD_DIR}/${FRAMEWORKS_FOLDER_PATH}/CryptoSwift.framework",
				"${TARGET_BUILD_DIR}/${FRAMEWORKS_FOLDER_PATH}/SipHash.framework",
				"${TARGET_BUILD_DIR}/${FRAMEWORKS_FOLDER_PATH}/TrezorCrypto.framework",
				"${TARGET_BUILD_DIR}/${FRAMEWORKS_FOLDER_PATH}/TrustCore.framework",
			);
			runOnlyForDeploymentPostprocessing = 0;
			shellPath = /bin/sh;
			shellScript = "\"${SRCROOT}/Pods/Target Support Files/Pods-TrustKeystore-KeystoreBenchmark/Pods-TrustKeystore-KeystoreBenchmark-frameworks.sh\"\n";
			showEnvVarsInLog = 0;
		};
		C5352213E62A9F7A00AB309B /* [CP] Check Pods Manifest.lock */ = {
			isa = PBXShellScriptBuildPhase;
			buildActionMask = 2147483647;
			files = (
			);
			inputPaths = (
				"${PODS_PODFILE_DIR_PATH}/Podfile.lock",
				"${PODS_ROOT}/Manifest.lock",
			);
			name = "[CP] Check Pods Manifest.lock";
			outputPaths = (
				"$(DERIVED_FILE_DIR)/Pods-TrustKeystore-checkManifestLockResult.txt",
			);
			runOnlyForDeploymentPostprocessing = 0;
			shellPath = /bin/sh;
			shellScript = "diff \"${PODS_PODFILE_DIR_PATH}/Podfile.lock\" \"${PODS_ROOT}/Manifest.lock\" > /dev/null\nif [ $? != 0 ] ; then\n    # print error to STDERR\n    echo \"error: The sandbox is not in sync with the Podfile.lock. Run 'pod install' or update your CocoaPods installation.\" >&2\n    exit 1\nfi\n# This output is used by Xcode 'outputs' to avoid re-running this script phase.\necho \"SUCCESS\" > \"${SCRIPT_OUTPUT_FILE_0}\"\n";
			showEnvVarsInLog = 0;
		};
		F2780A2821203580B330C58E /* [CP] Embed Pods Frameworks */ = {
			isa = PBXShellScriptBuildPhase;
			buildActionMask = 2147483647;
			files = (
			);
			inputPaths = (
				"${SRCROOT}/Pods/Target Support Files/Pods-TrustKeystore-TrustKeystoreTests/Pods-TrustKeystore-TrustKeystoreTests-frameworks.sh",
				"${BUILT_PRODUCTS_DIR}/BigInt/BigInt.framework",
				"${BUILT_PRODUCTS_DIR}/CryptoSwift/CryptoSwift.framework",
				"${BUILT_PRODUCTS_DIR}/SipHash/SipHash.framework",
				"${BUILT_PRODUCTS_DIR}/TrezorCrypto/TrezorCrypto.framework",
				"${BUILT_PRODUCTS_DIR}/TrustCore/TrustCore.framework",
			);
			name = "[CP] Embed Pods Frameworks";
			outputPaths = (
				"${TARGET_BUILD_DIR}/${FRAMEWORKS_FOLDER_PATH}/BigInt.framework",
				"${TARGET_BUILD_DIR}/${FRAMEWORKS_FOLDER_PATH}/CryptoSwift.framework",
				"${TARGET_BUILD_DIR}/${FRAMEWORKS_FOLDER_PATH}/SipHash.framework",
				"${TARGET_BUILD_DIR}/${FRAMEWORKS_FOLDER_PATH}/TrezorCrypto.framework",
				"${TARGET_BUILD_DIR}/${FRAMEWORKS_FOLDER_PATH}/TrustCore.framework",
			);
			runOnlyForDeploymentPostprocessing = 0;
			shellPath = /bin/sh;
			shellScript = "\"${SRCROOT}/Pods/Target Support Files/Pods-TrustKeystore-TrustKeystoreTests/Pods-TrustKeystore-TrustKeystoreTests-frameworks.sh\"\n";
			showEnvVarsInLog = 0;
		};
/* End PBXShellScriptBuildPhase section */

/* Begin PBXSourcesBuildPhase section */
		61C568E41FE599CF00FC2F75 /* Sources */ = {
			isa = PBXSourcesBuildPhase;
			buildActionMask = 2147483647;
			files = (
				61C568ED1FE599CF00FC2F75 /* ViewController.swift in Sources */,
				61C568EB1FE599CF00FC2F75 /* AppDelegate.swift in Sources */,
			);
			runOnlyForDeploymentPostprocessing = 0;
		};
		61FC581C1FE2490E00FFC765 /* Sources */ = {
			isa = PBXSourcesBuildPhase;
			buildActionMask = 2147483647;
			files = (
				61FC58551FE2C39700FFC765 /* Scrypt.swift in Sources */,
				611EFEBF20F599A500A00E53 /* Wallet.swift in Sources */,
				61DCE1661FFF14B70053939F /* KeyStore.swift in Sources */,
				61FC584C1FE24A8C00FFC765 /* KeystoreKey.swift in Sources */,
				6148DA601FE3950300D4C17D /* ScryptParams.swift in Sources */,
				611EFEC120F5AD5200A00E53 /* Account.swift in Sources */,
				61DCE173200197A30053939F /* KeyStore.Error.swift in Sources */,
				61C569021FE5B8D800FC2F75 /* KeystoreKeyHeader.swift in Sources */,
			);
			runOnlyForDeploymentPostprocessing = 0;
		};
		61FC58261FE2490E00FFC765 /* Sources */ = {
			isa = PBXSourcesBuildPhase;
			buildActionMask = 2147483647;
			files = (
				61FC58481FE2496C00FFC765 /* KeystoreKeyTests.swift in Sources */,
				611EFEC320F5BCC700A00E53 /* AccountTests.swift in Sources */,
				61882E152002B62800038860 /* KeyStoreTests.swift in Sources */,
				61FC585D1FE3904600FFC765 /* ScryptTests.swift in Sources */,
				61DC26AB20FEDF8000BE9ED7 /* WalletTests.swift in Sources */,
			);
			runOnlyForDeploymentPostprocessing = 0;
		};
/* End PBXSourcesBuildPhase section */

/* Begin PBXTargetDependency section */
		61C568FD1FE599D900FC2F75 /* PBXTargetDependency */ = {
			isa = PBXTargetDependency;
			target = 61FC58201FE2490E00FFC765 /* TrustKeystore */;
			targetProxy = 61C568FC1FE599D900FC2F75 /* PBXContainerItemProxy */;
		};
		61FC582D1FE2490E00FFC765 /* PBXTargetDependency */ = {
			isa = PBXTargetDependency;
			target = 61FC58201FE2490E00FFC765 /* TrustKeystore */;
			targetProxy = 61FC582C1FE2490E00FFC765 /* PBXContainerItemProxy */;
		};
/* End PBXTargetDependency section */

/* Begin PBXVariantGroup section */
		61C568EE1FE599CF00FC2F75 /* Main.storyboard */ = {
			isa = PBXVariantGroup;
			children = (
				61C568EF1FE599CF00FC2F75 /* Base */,
			);
			name = Main.storyboard;
			sourceTree = "<group>";
		};
		61C568F31FE599CF00FC2F75 /* LaunchScreen.storyboard */ = {
			isa = PBXVariantGroup;
			children = (
				61C568F41FE599CF00FC2F75 /* Base */,
			);
			name = LaunchScreen.storyboard;
			sourceTree = "<group>";
		};
/* End PBXVariantGroup section */

/* Begin XCBuildConfiguration section */
		61C568F81FE599CF00FC2F75 /* Debug */ = {
			isa = XCBuildConfiguration;
			baseConfigurationReference = 8D3D60D6FA5E0FDA441C2464 /* Pods-TrustKeystore-KeystoreBenchmark.debug.xcconfig */;
			buildSettings = {
				ASSETCATALOG_COMPILER_APPICON_NAME = AppIcon;
				CODE_SIGN_STYLE = Automatic;
				INFOPLIST_FILE = Benchmark/Info.plist;
				LD_RUNPATH_SEARCH_PATHS = "$(inherited) @executable_path/Frameworks";
				PRODUCT_BUNDLE_IDENTIFIER = com.trustwalletapp.KeystoreBenchmark;
				PRODUCT_NAME = "$(TARGET_NAME)";
				TARGETED_DEVICE_FAMILY = "1,2";
			};
			name = Debug;
		};
		61C568F91FE599CF00FC2F75 /* Release */ = {
			isa = XCBuildConfiguration;
			baseConfigurationReference = FC8C566AA12572AEF59D1BA0 /* Pods-TrustKeystore-KeystoreBenchmark.release.xcconfig */;
			buildSettings = {
				ASSETCATALOG_COMPILER_APPICON_NAME = AppIcon;
				CODE_SIGN_STYLE = Automatic;
				INFOPLIST_FILE = Benchmark/Info.plist;
				LD_RUNPATH_SEARCH_PATHS = "$(inherited) @executable_path/Frameworks";
				PRODUCT_BUNDLE_IDENTIFIER = com.trustwalletapp.KeystoreBenchmark;
				PRODUCT_NAME = "$(TARGET_NAME)";
				TARGETED_DEVICE_FAMILY = "1,2";
			};
			name = Release;
		};
		61FC58331FE2490E00FFC765 /* Debug */ = {
			isa = XCBuildConfiguration;
			buildSettings = {
				ALWAYS_SEARCH_USER_PATHS = NO;
				CLANG_ANALYZER_NONNULL = YES;
				CLANG_ANALYZER_NUMBER_OBJECT_CONVERSION = YES_AGGRESSIVE;
				CLANG_CXX_LANGUAGE_STANDARD = "gnu++14";
				CLANG_CXX_LIBRARY = "libc++";
				CLANG_ENABLE_MODULES = YES;
				CLANG_ENABLE_OBJC_ARC = YES;
				CLANG_WARN_BLOCK_CAPTURE_AUTORELEASING = YES;
				CLANG_WARN_BOOL_CONVERSION = YES;
				CLANG_WARN_COMMA = YES;
				CLANG_WARN_CONSTANT_CONVERSION = YES;
				CLANG_WARN_DEPRECATED_OBJC_IMPLEMENTATIONS = YES;
				CLANG_WARN_DIRECT_OBJC_ISA_USAGE = YES_ERROR;
				CLANG_WARN_DOCUMENTATION_COMMENTS = YES;
				CLANG_WARN_EMPTY_BODY = YES;
				CLANG_WARN_ENUM_CONVERSION = YES;
				CLANG_WARN_INFINITE_RECURSION = YES;
				CLANG_WARN_INT_CONVERSION = YES;
				CLANG_WARN_NON_LITERAL_NULL_CONVERSION = YES;
				CLANG_WARN_OBJC_IMPLICIT_RETAIN_SELF = YES;
				CLANG_WARN_OBJC_LITERAL_CONVERSION = YES;
				CLANG_WARN_OBJC_ROOT_CLASS = YES_ERROR;
				CLANG_WARN_RANGE_LOOP_ANALYSIS = YES;
				CLANG_WARN_STRICT_PROTOTYPES = YES;
				CLANG_WARN_SUSPICIOUS_MOVE = YES;
				CLANG_WARN_UNGUARDED_AVAILABILITY = YES_AGGRESSIVE;
				CLANG_WARN_UNREACHABLE_CODE = YES;
				CLANG_WARN__DUPLICATE_METHOD_MATCH = YES;
				CODE_SIGN_IDENTITY = "iPhone Developer";
				COPY_PHASE_STRIP = NO;
				CURRENT_PROJECT_VERSION = 1;
				DEBUG_INFORMATION_FORMAT = dwarf;
				ENABLE_STRICT_OBJC_MSGSEND = YES;
				ENABLE_TESTABILITY = YES;
				GCC_C_LANGUAGE_STANDARD = gnu11;
				GCC_DYNAMIC_NO_PIC = NO;
				GCC_NO_COMMON_BLOCKS = YES;
				GCC_OPTIMIZATION_LEVEL = 0;
				GCC_PREPROCESSOR_DEFINITIONS = (
					"DEBUG=1",
					"$(inherited)",
				);
				GCC_WARN_64_TO_32_BIT_CONVERSION = YES;
				GCC_WARN_ABOUT_RETURN_TYPE = YES_ERROR;
				GCC_WARN_UNDECLARED_SELECTOR = YES;
				GCC_WARN_UNINITIALIZED_AUTOS = YES_AGGRESSIVE;
				GCC_WARN_UNUSED_FUNCTION = YES;
				GCC_WARN_UNUSED_VARIABLE = YES;
				IPHONEOS_DEPLOYMENT_TARGET = 10.0;
				MTL_ENABLE_DEBUG_INFO = YES;
				ONLY_ACTIVE_ARCH = YES;
				SDKROOT = iphoneos;
				SWIFT_ACTIVE_COMPILATION_CONDITIONS = DEBUG;
				SWIFT_OPTIMIZATION_LEVEL = "-Onone";
				SWIFT_VERSION = 4.2;
				VERSIONING_SYSTEM = "apple-generic";
				VERSION_INFO_PREFIX = "";
			};
			name = Debug;
		};
		61FC58341FE2490E00FFC765 /* Release */ = {
			isa = XCBuildConfiguration;
			buildSettings = {
				ALWAYS_SEARCH_USER_PATHS = NO;
				CLANG_ANALYZER_NONNULL = YES;
				CLANG_ANALYZER_NUMBER_OBJECT_CONVERSION = YES_AGGRESSIVE;
				CLANG_CXX_LANGUAGE_STANDARD = "gnu++14";
				CLANG_CXX_LIBRARY = "libc++";
				CLANG_ENABLE_MODULES = YES;
				CLANG_ENABLE_OBJC_ARC = YES;
				CLANG_WARN_BLOCK_CAPTURE_AUTORELEASING = YES;
				CLANG_WARN_BOOL_CONVERSION = YES;
				CLANG_WARN_COMMA = YES;
				CLANG_WARN_CONSTANT_CONVERSION = YES;
				CLANG_WARN_DEPRECATED_OBJC_IMPLEMENTATIONS = YES;
				CLANG_WARN_DIRECT_OBJC_ISA_USAGE = YES_ERROR;
				CLANG_WARN_DOCUMENTATION_COMMENTS = YES;
				CLANG_WARN_EMPTY_BODY = YES;
				CLANG_WARN_ENUM_CONVERSION = YES;
				CLANG_WARN_INFINITE_RECURSION = YES;
				CLANG_WARN_INT_CONVERSION = YES;
				CLANG_WARN_NON_LITERAL_NULL_CONVERSION = YES;
				CLANG_WARN_OBJC_IMPLICIT_RETAIN_SELF = YES;
				CLANG_WARN_OBJC_LITERAL_CONVERSION = YES;
				CLANG_WARN_OBJC_ROOT_CLASS = YES_ERROR;
				CLANG_WARN_RANGE_LOOP_ANALYSIS = YES;
				CLANG_WARN_STRICT_PROTOTYPES = YES;
				CLANG_WARN_SUSPICIOUS_MOVE = YES;
				CLANG_WARN_UNGUARDED_AVAILABILITY = YES_AGGRESSIVE;
				CLANG_WARN_UNREACHABLE_CODE = YES;
				CLANG_WARN__DUPLICATE_METHOD_MATCH = YES;
				CODE_SIGN_IDENTITY = "iPhone Developer";
				COPY_PHASE_STRIP = NO;
				CURRENT_PROJECT_VERSION = 1;
				DEBUG_INFORMATION_FORMAT = "dwarf-with-dsym";
				ENABLE_NS_ASSERTIONS = NO;
				ENABLE_STRICT_OBJC_MSGSEND = YES;
				GCC_C_LANGUAGE_STANDARD = gnu11;
				GCC_NO_COMMON_BLOCKS = YES;
				GCC_WARN_64_TO_32_BIT_CONVERSION = YES;
				GCC_WARN_ABOUT_RETURN_TYPE = YES_ERROR;
				GCC_WARN_UNDECLARED_SELECTOR = YES;
				GCC_WARN_UNINITIALIZED_AUTOS = YES_AGGRESSIVE;
				GCC_WARN_UNUSED_FUNCTION = YES;
				GCC_WARN_UNUSED_VARIABLE = YES;
				IPHONEOS_DEPLOYMENT_TARGET = 10.0;
				MTL_ENABLE_DEBUG_INFO = NO;
				SDKROOT = iphoneos;
				SWIFT_OPTIMIZATION_LEVEL = "-Owholemodule";
				SWIFT_VERSION = 4.2;
				VALIDATE_PRODUCT = YES;
				VERSIONING_SYSTEM = "apple-generic";
				VERSION_INFO_PREFIX = "";
			};
			name = Release;
		};
		61FC58361FE2490E00FFC765 /* Debug */ = {
			isa = XCBuildConfiguration;
			baseConfigurationReference = F89F7E016E73C75E518A36B2 /* Pods-TrustKeystore.debug.xcconfig */;
			buildSettings = {
				CLANG_ENABLE_MODULES = YES;
				CODE_SIGN_IDENTITY = "";
				CODE_SIGN_STYLE = Automatic;
				DEFINES_MODULE = YES;
				DYLIB_COMPATIBILITY_VERSION = 1;
				DYLIB_CURRENT_VERSION = 1;
				DYLIB_INSTALL_NAME_BASE = "@rpath";
				INFOPLIST_FILE = Metadata/Info.plist;
				INSTALL_PATH = "$(LOCAL_LIBRARY_DIR)/Frameworks";
				LD_RUNPATH_SEARCH_PATHS = "$(inherited) @executable_path/Frameworks @loader_path/Frameworks";
				PRODUCT_BUNDLE_IDENTIFIER = com.trustwalletapp.TrustKeystore;
				PRODUCT_NAME = "$(TARGET_NAME:c99extidentifier)";
				SKIP_INSTALL = YES;
				SWIFT_OPTIMIZATION_LEVEL = "-O";
				TARGETED_DEVICE_FAMILY = "1,2";
			};
			name = Debug;
		};
		61FC58371FE2490E00FFC765 /* Release */ = {
			isa = XCBuildConfiguration;
			baseConfigurationReference = 17379EC78D11E0161D0E1307 /* Pods-TrustKeystore.release.xcconfig */;
			buildSettings = {
				CLANG_ENABLE_MODULES = YES;
				CODE_SIGN_IDENTITY = "";
				CODE_SIGN_STYLE = Automatic;
				DEFINES_MODULE = YES;
				DYLIB_COMPATIBILITY_VERSION = 1;
				DYLIB_CURRENT_VERSION = 1;
				DYLIB_INSTALL_NAME_BASE = "@rpath";
				INFOPLIST_FILE = Metadata/Info.plist;
				INSTALL_PATH = "$(LOCAL_LIBRARY_DIR)/Frameworks";
				LD_RUNPATH_SEARCH_PATHS = "$(inherited) @executable_path/Frameworks @loader_path/Frameworks";
				PRODUCT_BUNDLE_IDENTIFIER = com.trustwalletapp.TrustKeystore;
				PRODUCT_NAME = "$(TARGET_NAME:c99extidentifier)";
				SKIP_INSTALL = YES;
				TARGETED_DEVICE_FAMILY = "1,2";
			};
			name = Release;
		};
		61FC58391FE2490E00FFC765 /* Debug */ = {
			isa = XCBuildConfiguration;
			baseConfigurationReference = C2AEC91B9F14D8140DBDCC2C /* Pods-TrustKeystore-TrustKeystoreTests.debug.xcconfig */;
			buildSettings = {
				CODE_SIGN_STYLE = Automatic;
				INFOPLIST_FILE = Metadata/TestsInfo.plist;
				LD_RUNPATH_SEARCH_PATHS = "$(inherited) @executable_path/Frameworks @loader_path/Frameworks";
				PRODUCT_BUNDLE_IDENTIFIER = com.trustwalletapp.TrustKeystoreTests;
				PRODUCT_NAME = "$(TARGET_NAME)";
				TARGETED_DEVICE_FAMILY = "1,2";
			};
			name = Debug;
		};
		61FC583A1FE2490E00FFC765 /* Release */ = {
			isa = XCBuildConfiguration;
			baseConfigurationReference = 0B9466DC8156D7FA54B43B6D /* Pods-TrustKeystore-TrustKeystoreTests.release.xcconfig */;
			buildSettings = {
				CODE_SIGN_STYLE = Automatic;
				INFOPLIST_FILE = Metadata/TestsInfo.plist;
				LD_RUNPATH_SEARCH_PATHS = "$(inherited) @executable_path/Frameworks @loader_path/Frameworks";
				PRODUCT_BUNDLE_IDENTIFIER = com.trustwalletapp.TrustKeystoreTests;
				PRODUCT_NAME = "$(TARGET_NAME)";
				TARGETED_DEVICE_FAMILY = "1,2";
			};
			name = Release;
		};
/* End XCBuildConfiguration section */

/* Begin XCConfigurationList section */
		61C568F71FE599CF00FC2F75 /* Build configuration list for PBXNativeTarget "KeystoreBenchmark" */ = {
			isa = XCConfigurationList;
			buildConfigurations = (
				61C568F81FE599CF00FC2F75 /* Debug */,
				61C568F91FE599CF00FC2F75 /* Release */,
			);
			defaultConfigurationIsVisible = 0;
			defaultConfigurationName = Release;
		};
		61FC581B1FE2490E00FFC765 /* Build configuration list for PBXProject "TrustKeystore" */ = {
			isa = XCConfigurationList;
			buildConfigurations = (
				61FC58331FE2490E00FFC765 /* Debug */,
				61FC58341FE2490E00FFC765 /* Release */,
			);
			defaultConfigurationIsVisible = 0;
			defaultConfigurationName = Release;
		};
		61FC58351FE2490E00FFC765 /* Build configuration list for PBXNativeTarget "TrustKeystore" */ = {
			isa = XCConfigurationList;
			buildConfigurations = (
				61FC58361FE2490E00FFC765 /* Debug */,
				61FC58371FE2490E00FFC765 /* Release */,
			);
			defaultConfigurationIsVisible = 0;
			defaultConfigurationName = Release;
		};
		61FC58381FE2490E00FFC765 /* Build configuration list for PBXNativeTarget "TrustKeystoreTests" */ = {
			isa = XCConfigurationList;
			buildConfigurations = (
				61FC58391FE2490E00FFC765 /* Debug */,
				61FC583A1FE2490E00FFC765 /* Release */,
			);
			defaultConfigurationIsVisible = 0;
			defaultConfigurationName = Release;
		};
/* End XCConfigurationList section */
	};
	rootObject = 61FC58181FE2490E00FFC765 /* Project object */;
}
